// !$*UTF8*$!
{
	archiveVersion = 1;
	classes = {
	};
	objectVersion = 50;
	objects = {

/* Begin PBXBuildFile section */
		301BC75D21FD77D500E06DFC /* AppDelegate.swift in Sources */ = {isa = PBXBuildFile; fileRef = 301BC75C21FD77D500E06DFC /* AppDelegate.swift */; };
		301BC75F21FD77D500E06DFC /* ToDoListViewController.swift in Sources */ = {isa = PBXBuildFile; fileRef = 301BC75E21FD77D500E06DFC /* ToDoListViewController.swift */; };
		301BC76221FD77D500E06DFC /* Main.storyboard in Resources */ = {isa = PBXBuildFile; fileRef = 301BC76021FD77D500E06DFC /* Main.storyboard */; };
		301BC76421FD77DD00E06DFC /* Assets.xcassets in Resources */ = {isa = PBXBuildFile; fileRef = 301BC76321FD77DD00E06DFC /* Assets.xcassets */; };
		301BC76721FD77DD00E06DFC /* LaunchScreen.storyboard in Resources */ = {isa = PBXBuildFile; fileRef = 301BC76521FD77DD00E06DFC /* LaunchScreen.storyboard */; };
		301BC76F21FEE32100E06DFC /* Item.swift in Sources */ = {isa = PBXBuildFile; fileRef = 301BC76E21FEE32100E06DFC /* Item.swift */; };
/* End PBXBuildFile section */

/* Begin PBXFileReference section */
		301BC75921FD77D500E06DFC /* Todoey.app */ = {isa = PBXFileReference; explicitFileType = wrapper.application; includeInIndex = 0; path = Todoey.app; sourceTree = BUILT_PRODUCTS_DIR; };
		301BC75C21FD77D500E06DFC /* AppDelegate.swift */ = {isa = PBXFileReference; lastKnownFileType = sourcecode.swift; path = AppDelegate.swift; sourceTree = "<group>"; };
		301BC75E21FD77D500E06DFC /* ToDoListViewController.swift */ = {isa = PBXFileReference; lastKnownFileType = sourcecode.swift; path = ToDoListViewController.swift; sourceTree = "<group>"; };
		301BC76121FD77D500E06DFC /* Base */ = {isa = PBXFileReference; lastKnownFileType = file.storyboard; name = Base; path = Base.lproj/Main.storyboard; sourceTree = "<group>"; };
		301BC76321FD77DD00E06DFC /* Assets.xcassets */ = {isa = PBXFileReference; lastKnownFileType = folder.assetcatalog; path = Assets.xcassets; sourceTree = "<group>"; };
		301BC76621FD77DD00E06DFC /* Base */ = {isa = PBXFileReference; lastKnownFileType = file.storyboard; name = Base; path = Base.lproj/LaunchScreen.storyboard; sourceTree = "<group>"; };
		301BC76821FD77DD00E06DFC /* Info.plist */ = {isa = PBXFileReference; lastKnownFileType = text.plist.xml; path = Info.plist; sourceTree = "<group>"; };
		301BC76E21FEE32100E06DFC /* Item.swift */ = {isa = PBXFileReference; lastKnownFileType = sourcecode.swift; path = Item.swift; sourceTree = "<group>"; };
/* End PBXFileReference section */

/* Begin PBXFrameworksBuildPhase section */
		301BC75621FD77D400E06DFC /* Frameworks */ = {
			isa = PBXFrameworksBuildPhase;
			buildActionMask = 2147483647;
			files = (
			);
			runOnlyForDeploymentPostprocessing = 0;
		};
/* End PBXFrameworksBuildPhase section */

/* Begin PBXGroup section */
		301BC75021FD77D400E06DFC = {
			isa = PBXGroup;
			children = (
				301BC75B21FD77D500E06DFC /* Todoey */,
				301BC75A21FD77D500E06DFC /* Products */,
			);
			sourceTree = "<group>";
		};
		301BC75A21FD77D500E06DFC /* Products */ = {
			isa = PBXGroup;
			children = (
				301BC75921FD77D500E06DFC /* Todoey.app */,
			);
			name = Products;
			sourceTree = "<group>";
		};
		301BC75B21FD77D500E06DFC /* Todoey */ = {
			isa = PBXGroup;
			children = (
				301BC75C21FD77D500E06DFC /* AppDelegate.swift */,
				301BC77021FEE35900E06DFC /* Data Model */,
				301BC77121FEE36300E06DFC /* Controller */,
				301BC77321FEE39300E06DFC /* Supporting Files */,
				301BC77221FEE36700E06DFC /* Views */,
				301BC76821FD77DD00E06DFC /* Info.plist */,
			);
			path = Todoey;
			sourceTree = "<group>";
		};
		301BC77021FEE35900E06DFC /* Data Model */ = {
			isa = PBXGroup;
			children = (
				301BC76E21FEE32100E06DFC /* Item.swift */,
			);
			path = "Data Model";
			sourceTree = "<group>";
		};
		301BC77121FEE36300E06DFC /* Controller */ = {
			isa = PBXGroup;
			children = (
				301BC75E21FD77D500E06DFC /* ToDoListViewController.swift */,
			);
			path = Controller;
			sourceTree = "<group>";
		};
		301BC77221FEE36700E06DFC /* Views */ = {
			isa = PBXGroup;
			children = (
				301BC76021FD77D500E06DFC /* Main.storyboard */,
			);
			path = Views;
			sourceTree = "<group>";
		};
		301BC77321FEE39300E06DFC /* Supporting Files */ = {
			isa = PBXGroup;
			children = (
				301BC76321FD77DD00E06DFC /* Assets.xcassets */,
				301BC76521FD77DD00E06DFC /* LaunchScreen.storyboard */,
			);
			path = "Supporting Files";
			sourceTree = "<group>";
		};
/* End PBXGroup section */

/* Begin PBXNativeTarget section */
		301BC75821FD77D400E06DFC /* Todoey */ = {
			isa = PBXNativeTarget;
			buildConfigurationList = 301BC76B21FD77DD00E06DFC /* Build configuration list for PBXNativeTarget "Todoey" */;
			buildPhases = (
				301BC75521FD77D400E06DFC /* Sources */,
				301BC75621FD77D400E06DFC /* Frameworks */,
				301BC75721FD77D400E06DFC /* Resources */,
			);
			buildRules = (
			);
			dependencies = (
			);
			name = Todoey;
			productName = Todoey;
			productReference = 301BC75921FD77D500E06DFC /* Todoey.app */;
			productType = "com.apple.product-type.application";
		};
/* End PBXNativeTarget section */

/* Begin PBXProject section */
		301BC75121FD77D400E06DFC /* Project object */ = {
			isa = PBXProject;
			attributes = {
				LastSwiftUpdateCheck = 0940;
				LastUpgradeCheck = 0940;
				ORGANIZATIONNAME = "Sun Jai Chun";
				TargetAttributes = {
					301BC75821FD77D400E06DFC = {
						CreatedOnToolsVersion = 9.4;
					};
				};
			};
			buildConfigurationList = 301BC75421FD77D400E06DFC /* Build configuration list for PBXProject "Todoey" */;
			compatibilityVersion = "Xcode 9.3";
			developmentRegion = en;
			hasScannedForEncodings = 0;
			knownRegions = (
				en,
				Base,
			);
			mainGroup = 301BC75021FD77D400E06DFC;
			productRefGroup = 301BC75A21FD77D500E06DFC /* Products */;
			projectDirPath = "";
			projectRoot = "";
			targets = (
				301BC75821FD77D400E06DFC /* Todoey */,
			);
		};
/* End PBXProject section */

/* Begin PBXResourcesBuildPhase section */
		301BC75721FD77D400E06DFC /* Resources */ = {
			isa = PBXResourcesBuildPhase;
			buildActionMask = 2147483647;
			files = (
				301BC76721FD77DD00E06DFC /* LaunchScreen.storyboard in Resources */,
				301BC76421FD77DD00E06DFC /* Assets.xcassets in Resources */,
				301BC76221FD77D500E06DFC /* Main.storyboard in Resources */,
			);
			runOnlyForDeploymentPostprocessing = 0;
		};
/* End PBXResourcesBuildPhase section */

/* Begin PBXSourcesBuildPhase section */
		301BC75521FD77D400E06DFC /* Sources */ = {
			isa = PBXSourcesBuildPhase;
			buildActionMask = 2147483647;
			files = (
				301BC75F21FD77D500E06DFC /* ToDoListViewController.swift in Sources */,
				301BC76F21FEE32100E06DFC /* Item.swift in Sources */,
				301BC75D21FD77D500E06DFC /* AppDelegate.swift in Sources */,
			);
			runOnlyForDeploymentPostprocessing = 0;
		};
/* End PBXSourcesBuildPhase section */

/* Begin PBXVariantGroup section */
		301BC76021FD77D500E06DFC /* Main.storyboard */ = {
			isa = PBXVariantGroup;
			children = (
				301BC76121FD77D500E06DFC /* Base */,
			);
			name = Main.storyboard;
			sourceTree = "<group>";
		};
		301BC76521FD77DD00E06DFC /* LaunchScreen.storyboard */ = {
			isa = PBXVariantGroup;
			children = (
				301BC76621FD77DD00E06DFC /* Base */,
			);
			name = LaunchScreen.storyboard;
			sourceTree = "<group>";
		};
/* End PBXVariantGroup section */

/* Begin XCBuildConfiguration section */
		301BC76921FD77DD00E06DFC /* Debug */ = {
			isa = XCBuildConfiguration;
			buildSettings = {
				ALWAYS_SEARCH_USER_PATHS = NO;
				CLANG_ANALYZER_NONNULL = YES;
				CLANG_ANALYZER_NUMBER_OBJECT_CONVERSION = YES_AGGRESSIVE;
				CLANG_CXX_LANGUAGE_STANDARD = "gnu++14";
				CLANG_CXX_LIBRARY = "libc++";
				CLANG_ENABLE_MODULES = YES;
				CLANG_ENABLE_OBJC_ARC = YES;
				CLANG_ENABLE_OBJC_WEAK = YES;
				CLANG_WARN_BLOCK_CAPTURE_AUTORELEASING = YES;
				CLANG_WARN_BOOL_CONVERSION = YES;
				CLANG_WARN_COMMA = YES;
				CLANG_WARN_CONSTANT_CONVERSION = YES;
				CLANG_WARN_DEPRECATED_OBJC_IMPLEMENTATIONS = YES;
				CLANG_WARN_DIRECT_OBJC_ISA_USAGE = YES_ERROR;
				CLANG_WARN_DOCUMENTATION_COMMENTS = YES;
				CLANG_WARN_EMPTY_BODY = YES;
				CLANG_WARN_ENUM_CONVERSION = YES;
				CLANG_WARN_INFINITE_RECURSION = YES;
				CLANG_WARN_INT_CONVERSION = YES;
				CLANG_WARN_NON_LITERAL_NULL_CONVERSION = YES;
				CLANG_WARN_OBJC_IMPLICIT_RETAIN_SELF = YES;
				CLANG_WARN_OBJC_LITERAL_CONVERSION = YES;
				CLANG_WARN_OBJC_ROOT_CLASS = YES_ERROR;
				CLANG_WARN_RANGE_LOOP_ANALYSIS = YES;
				CLANG_WARN_STRICT_PROTOTYPES = YES;
				CLANG_WARN_SUSPICIOUS_MOVE = YES;
				CLANG_WARN_UNGUARDED_AVAILABILITY = YES_AGGRESSIVE;
				CLANG_WARN_UNREACHABLE_CODE = YES;
				CLANG_WARN__DUPLICATE_METHOD_MATCH = YES;
				CODE_SIGN_IDENTITY = "iPhone Developer";
				COPY_PHASE_STRIP = NO;
				DEBUG_INFORMATION_FORMAT = dwarf;
				ENABLE_STRICT_OBJC_MSGSEND = YES;
				ENABLE_TESTABILITY = YES;
				GCC_C_LANGUAGE_STANDARD = gnu11;
				GCC_DYNAMIC_NO_PIC = NO;
				GCC_NO_COMMON_BLOCKS = YES;
				GCC_OPTIMIZATION_LEVEL = 0;
				GCC_PREPROCESSOR_DEFINITIONS = (
					"DEBUG=1",
					"$(inherited)",
				);
				GCC_WARN_64_TO_32_BIT_CONVERSION = YES;
				GCC_WARN_ABOUT_RETURN_TYPE = YES_ERROR;
				GCC_WARN_UNDECLARED_SELECTOR = YES;
				GCC_WARN_UNINITIALIZED_AUTOS = YES_AGGRESSIVE;
				GCC_WARN_UNUSED_FUNCTION = YES;
				GCC_WARN_UNUSED_VARIABLE = YES;
				IPHONEOS_DEPLOYMENT_TARGET = 11.4;
				MTL_ENABLE_DEBUG_INFO = YES;
				ONLY_ACTIVE_ARCH = YES;
				SDKROOT = iphoneos;
				SWIFT_ACTIVE_COMPILATION_CONDITIONS = DEBUG;
				SWIFT_OPTIMIZATION_LEVEL = "-Onone";
			};
			name = Debug;
		};
		301BC76A21FD77DD00E06DFC /* Release */ = {
			isa = XCBuildConfiguration;
			buildSettings = {
				ALWAYS_SEARCH_USER_PATHS = NO;
				CLANG_ANALYZER_NONNULL = YES;
				CLANG_ANALYZER_NUMBER_OBJECT_CONVERSION = YES_AGGRESSIVE;
				CLANG_CXX_LANGUAGE_STANDARD = "gnu++14";
				CLANG_CXX_LIBRARY = "libc++";
				CLANG_ENABLE_MODULES = YES;
				CLANG_ENABLE_OBJC_ARC = YES;
				CLANG_ENABLE_OBJC_WEAK = YES;
				CLANG_WARN_BLOCK_CAPTURE_AUTORELEASING = YES;
				CLANG_WARN_BOOL_CONVERSION = YES;
				CLANG_WARN_COMMA = YES;
				CLANG_WARN_CONSTANT_CONVERSION = YES;
				CLANG_WARN_DEPRECATED_OBJC_IMPLEMENTATIONS = YES;
				CLANG_WARN_DIRECT_OBJC_ISA_USAGE = YES_ERROR;
				CLANG_WARN_DOCUMENTATION_COMMENTS = YES;
				CLANG_WARN_EMPTY_BODY = YES;
				CLANG_WARN_ENUM_CONVERSION = YES;
				CLANG_WARN_INFINITE_RECURSION = YES;
				CLANG_WARN_INT_CONVERSION = YES;
				CLANG_WARN_NON_LITERAL_NULL_CONVERSION = YES;
				CLANG_WARN_OBJC_IMPLICIT_RETAIN_SELF = YES;
				CLANG_WARN_OBJC_LITERAL_CONVERSION = YES;
				CLANG_WARN_OBJC_ROOT_CLASS = YES_ERROR;
				CLANG_WARN_RANGE_LOOP_ANALYSIS = YES;
				CLANG_WARN_STRICT_PROTOTYPES = YES;
				CLANG_WARN_SUSPICIOUS_MOVE = YES;
				CLANG_WARN_UNGUARDED_AVAILABILITY = YES_AGGRESSIVE;
				CLANG_WARN_UNREACHABLE_CODE = YES;
				CLANG_WARN__DUPLICATE_METHOD_MATCH = YES;
				CODE_SIGN_IDENTITY = "iPhone Developer";
				COPY_PHASE_STRIP = NO;
				DEBUG_INFORMATION_FORMAT = "dwarf-with-dsym";
				ENABLE_NS_ASSERTIONS = NO;
				ENABLE_STRICT_OBJC_MSGSEND = YES;
				GCC_C_LANGUAGE_STANDARD = gnu11;
				GCC_NO_COMMON_BLOCKS = YES;
				GCC_WARN_64_TO_32_BIT_CONVERSION = YES;
				GCC_WARN_ABOUT_RETURN_TYPE = YES_ERROR;
				GCC_WARN_UNDECLARED_SELECTOR = YES;
				GCC_WARN_UNINITIALIZED_AUTOS = YES_AGGRESSIVE;
				GCC_WARN_UNUSED_FUNCTION = YES;
				GCC_WARN_UNUSED_VARIABLE = YES;
				IPHONEOS_DEPLOYMENT_TARGET = 11.4;
				MTL_ENABLE_DEBUG_INFO = NO;
				SDKROOT = iphoneos;
				SWIFT_COMPILATION_MODE = wholemodule;
				SWIFT_OPTIMIZATION_LEVEL = "-O";
				VALIDATE_PRODUCT = YES;
			};
			name = Release;
		};
		301BC76C21FD77DD00E06DFC /* Debug */ = {
			isa = XCBuildConfiguration;
			buildSettings = {
				ASSETCATALOG_COMPILER_APPICON_NAME = AppIcon;
				CODE_SIGN_STYLE = Automatic;
				DEVELOPMENT_TEAM = 868VHE45G4;
				INFOPLIST_FILE = Todoey/Info.plist;
				LD_RUNPATH_SEARCH_PATHS = (
					"$(inherited)",
					"@executable_path/Frameworks",
				);
				PRODUCT_BUNDLE_IDENTIFIER = com.SunJaiChun.Todoey;
				PRODUCT_NAME = "$(TARGET_NAME)";
				SWIFT_VERSION = 4.0;
				TARGETED_DEVICE_FAMILY = "1,2";
			};
			name = Debug;
		};
		301BC76D21FD77DD00E06DFC /* Release */ = {
			isa = XCBuildConfiguration;
			buildSettings = {
				ASSETCATALOG_COMPILER_APPICON_NAME = AppIcon;
				CODE_SIGN_STYLE = Automatic;
				DEVELOPMENT_TEAM = 868VHE45G4;
				INFOPLIST_FILE = Todoey/Info.plist;
				LD_RUNPATH_SEARCH_PATHS = (
					"$(inherited)",
					"@executable_path/Frameworks",
				);
				PRODUCT_BUNDLE_IDENTIFIER = com.SunJaiChun.Todoey;
				PRODUCT_NAME = "$(TARGET_NAME)";
				SWIFT_VERSION = 4.0;
				TARGETED_DEVICE_FAMILY = "1,2";
			};
			name = Release;
		};
/* End XCBuildConfiguration section */

/* Begin XCConfigurationList section */
		301BC75421FD77D400E06DFC /* Build configuration list for PBXProject "Todoey" */ = {
			isa = XCConfigurationList;
			buildConfigurations = (
				301BC76921FD77DD00E06DFC /* Debug */,
				301BC76A21FD77DD00E06DFC /* Release */,
			);
			defaultConfigurationIsVisible = 0;
			defaultConfigurationName = Release;
		};
		301BC76B21FD77DD00E06DFC /* Build configuration list for PBXNativeTarget "Todoey" */ = {
			isa = XCConfigurationList;
			buildConfigurations = (
				301BC76C21FD77DD00E06DFC /* Debug */,
				301BC76D21FD77DD00E06DFC /* Release */,
			);
			defaultConfigurationIsVisible = 0;
			defaultConfigurationName = Release;
		};
/* End XCConfigurationList section */
	};
	rootObject = 301BC75121FD77D400E06DFC /* Project object */;
}
